hash: 83476fd35d81e71718622434a833c95325f48f2ea40db6a38335a7ef6c9751e2
updated: 2019-02-21T13:46:28.457916+01:00
imports:
- name: github.com/aws/aws-sdk-go
  version: e71d307a067ee20dbda259de3fd73a86161c339c
  subpackages:
  - aws
  - aws/awserr
  - aws/awsutil
  - aws/client
  - aws/client/metadata
  - aws/corehandlers
  - aws/credentials
  - aws/credentials/ec2rolecreds
  - aws/credentials/endpointcreds
  - aws/credentials/processcreds
  - aws/credentials/stscreds
  - aws/csm
  - aws/defaults
  - aws/ec2metadata
  - aws/endpoints
  - aws/request
  - aws/session
  - aws/signer/v4
  - internal/ini
  - internal/s3err
  - internal/sdkio
  - internal/sdkrand
  - internal/sdkuri
  - internal/shareddefaults
  - private/protocol
  - private/protocol/eventstream
  - private/protocol/eventstream/eventstreamapi
  - private/protocol/json/jsonutil
  - private/protocol/jsonrpc
  - private/protocol/query
  - private/protocol/query/queryutil
  - private/protocol/rest
  - private/protocol/restxml
  - private/protocol/xml/xmlutil
  - service/pricing
  - service/s3
  - service/sts
- name: github.com/BurntSushi/toml
  version: 3012a1dbe2e4bd1391d42b32f0577cb7bbc7f005
- name: github.com/gobuffalo/buffalo-plugins
  version: f34e38fbc353e263d53fec0fd045bd466d3ea315
  subpackages:
  - plugins
  - plugins/plugdeps
- name: github.com/gobuffalo/envy
  version: fa0dfdc10b5366ce365b7d9d1755a03e4e797bc5
- name: github.com/gobuffalo/events
  version: 7405490b2bb796f2d6aaea94f4c8692e67aa7086
- name: github.com/gobuffalo/flect
  version: d4fc286952bf96d0262a67b482e234613ae36f59
  subpackages:
  - name
- name: github.com/gobuffalo/genny
  version: c950828063420c665a1d418b75936fe5097d1684
  subpackages:
  - movinglater/gotools
- name: github.com/gobuffalo/gogen
  version: d32a17ad97612611181a33e577e0f8ebc65858c5
  subpackages:
  - goimports
  - gomods
- name: github.com/gobuffalo/logger
  version: 5b956e21995cbed3ab29e4901f9e746a6a1d53bb
- name: github.com/gobuffalo/mapi
  version: 34ee2a016fc599a513b458962053240356332724
- name: github.com/gobuffalo/meta
  version: 50a99e08b8cf340b099048d2ad70bf525f2e16a7
- name: github.com/gobuffalo/packd
  version: eca3b8fd66872a76119b189bbe0f58f776a2a39f
- name: github.com/gobuffalo/packr
  version: d93b0e17023e6fa58f86d547bdc551837df1daa8
  subpackages:
  - v2
  - v2/...
  - v2/file
  - v2/file/resolver
  - v2/file/resolver/encoding/hex
  - v2/jam/parser
  - v2/plog
- name: github.com/gobuffalo/syncx
  version: 558ac7de985fc4f4057bff27c7bdf99e92fe0750
- name: github.com/inconshreveable/mousetrap
  version: 76626ae9c91c4f2a10f34cad8ce83ea42c93bb75
- name: github.com/jmespath/go-jmespath
  version: c2b33e8439af944379acbdd9c3a5fe0bc44bd8a5
- name: github.com/joho/godotenv
  version: 5c0e6c6ab1a0a9ef0a8822cba3a05d62f7dad941
- name: github.com/karrick/godirwalk
  version: dfb93c3b8093779973bb5ace7d7f7666b99d4298
- name: github.com/konsorten/go-windows-terminal-sequences
  version: 5c8c8bd35d3832f5d134ae1e1e375b69a4d25242
- name: github.com/markbates/oncer
  version: bf2de49a0be218916e69a11d22866e6cd0a560f2
- name: github.com/markbates/safe
  version: 6fea05a5732486546a4836b7a1d596c5ec687b98
- name: github.com/Masterminds/semver
  version: c7af12943936e8c39859482e61f0574c2fd7fc75
- name: github.com/pkg/errors
  version: 856c240a51a2bf8fb8269ea7f3f9b046aadde36e
- name: github.com/rogpeppe/go-internal
  version: 1cf9852c553c5b7da2d5a4a091129a7822fed0c9
  subpackages:
  - modfile
  - module
  - semver
- name: github.com/sirupsen/logrus
  version: 4f5fd631f16452fbd023813c1eb7dbd67130cb0c
- name: github.com/spf13/cobra
  version: 7547e83b2d85fd1893c7d76916f67689d761fecb
- name: github.com/spf13/pflag
  version: 583c0c0531f06d5278b7d917446061adc344b5cd
- name: github.com/stretchr/testify
  version: ffdc059bfe9ce6a4e144ba849dbedead332c6053
  subpackages:
  - assert
- name: github.com/thoas/go-funk
  version: fbae87fb5b5cdb35c9682d11c420061cf41268a9
- name: golang.org/x/crypto
  version: de0752318171da717af4ce24d0a2e8626afaeb11
  subpackages:
  - ssh/terminal
- name: golang.org/x/sys
  version: 95c6576299259db960f6c5b9b69ea52422860fce
  subpackages:
  - unix
  - windows
- name: golang.org/x/tools
  version: a754db16a40a9d94359b6600b825419c0ca6f986
  subpackages:
  - go/ast/astutil
  - go/gcexportdata
  - go/internal/cgo
  - go/internal/gcimporter
  - go/internal/packagesdriver
  - go/packages
  - imports
  - internal/fastwalk
  - internal/gopathwalk
  - internal/module
  - internal/semver
- name: gopkg.in/yaml.v2
  version: 51d6538a90f86fe93ac480b35f37b2be17fef232
- name: k8s.io/client-go
  version: 1638f8970cefaa404ff3a62950f88b08292b2696
testImports:
- name: github.com/davecgh/go-spew
  version: 782f4967f2dc4564575ca782fe2d04090b5faca8
  subpackages:
  - spew
- name: github.com/pmezard/go-difflib
  version: d8ed2627bdf02c080bf22230dbb337003b7aba2d
  subpackages:
  - difflib
